
Microsoft Visual Studio Solution File, Format Version 12.00
# Visual Studio 15
VisualStudioVersion = 15.0.26124.0
MinimumVisualStudioVersion = 15.0.26124.0
Project("{FAE04EC0-301F-11D3-BF4B-00C04F79EFBC}") = "PaymentContext.Domain", "PaymentContext.Domain\PaymentContext.Domain.csproj", "{F8A41720-245C-46E6-927A-F2A50023EAC4}"
EndProject
Project("{FAE04EC0-301F-11D3-BF4B-00C04F79EFBC}") = "PaymentContext.Shared", "PaymentContext.Shared\PaymentContext.Shared.csproj", "{61ADDD5E-B8EF-46E4-AE9C-B5ECE632AF9E}"
EndProject
Project("{FAE04EC0-301F-11D3-BF4B-00C04F79EFBC}") = "PaymentContext.Testes", "PaymentContext.Testes\PaymentContext.Testes.csproj", "{B2582791-D674-48DA-A766-B9BFD74D8B4C}"
EndProject
Global
	GlobalSection(SolutionConfigurationPlatforms) = preSolution
		Debug|Any CPU = Debug|Any CPU
		Debug|x64 = Debug|x64
		Debug|x86 = Debug|x86
		Release|Any CPU = Release|Any CPU
		Release|x64 = Release|x64
		Release|x86 = Release|x86
	EndGlobalSection
	GlobalSection(SolutionProperties) = preSolution
		HideSolutionNode = FALSE
	EndGlobalSection
	GlobalSection(ProjectConfigurationPlatforms) = postSolution
		{F8A41720-245C-46E6-927A-F2A50023EAC4}.Debug|Any CPU.ActiveCfg = Debug|Any CPU
		{F8A41720-245C-46E6-927A-F2A50023EAC4}.Debug|Any CPU.Build.0 = Debug|Any CPU
		{F8A41720-245C-46E6-927A-F2A50023EAC4}.Debug|x64.ActiveCfg = Debug|Any CPU
		{F8A41720-245C-46E6-927A-F2A50023EAC4}.Debug|x64.Build.0 = Debug|Any CPU
		{F8A41720-245C-46E6-927A-F2A50023EAC4}.Debug|x86.ActiveCfg = Debug|Any CPU
		{F8A41720-245C-46E6-927A-F2A50023EAC4}.Debug|x86.Build.0 = Debug|Any CPU
		{F8A41720-245C-46E6-927A-F2A50023EAC4}.Release|Any CPU.ActiveCfg = Release|Any CPU
		{F8A41720-245C-46E6-927A-F2A50023EAC4}.Release|Any CPU.Build.0 = Release|Any CPU
		{F8A41720-245C-46E6-927A-F2A50023EAC4}.Release|x64.ActiveCfg = Release|Any CPU
		{F8A41720-245C-46E6-927A-F2A50023EAC4}.Release|x64.Build.0 = Release|Any CPU
		{F8A41720-245C-46E6-927A-F2A50023EAC4}.Release|x86.ActiveCfg = Release|Any CPU
		{F8A41720-245C-46E6-927A-F2A50023EAC4}.Release|x86.Build.0 = Release|Any CPU
		{61ADDD5E-B8EF-46E4-AE9C-B5ECE632AF9E}.Debug|Any CPU.ActiveCfg = Debug|Any CPU
		{61ADDD5E-B8EF-46E4-AE9C-B5ECE632AF9E}.Debug|Any CPU.Build.0 = Debug|Any CPU
		{61ADDD5E-B8EF-46E4-AE9C-B5ECE632AF9E}.Debug|x64.ActiveCfg = Debug|Any CPU
		{61ADDD5E-B8EF-46E4-AE9C-B5ECE632AF9E}.Debug|x64.Build.0 = Debug|Any CPU
		{61ADDD5E-B8EF-46E4-AE9C-B5ECE632AF9E}.Debug|x86.ActiveCfg = Debug|Any CPU
		{61ADDD5E-B8EF-46E4-AE9C-B5ECE632AF9E}.Debug|x86.Build.0 = Debug|Any CPU
		{61ADDD5E-B8EF-46E4-AE9C-B5ECE632AF9E}.Release|Any CPU.ActiveCfg = Release|Any CPU
		{61ADDD5E-B8EF-46E4-AE9C-B5ECE632AF9E}.Release|Any CPU.Build.0 = Release|Any CPU
		{61ADDD5E-B8EF-46E4-AE9C-B5ECE632AF9E}.Release|x64.ActiveCfg = Release|Any CPU
		{61ADDD5E-B8EF-46E4-AE9C-B5ECE632AF9E}.Release|x64.Build.0 = Release|Any CPU
		{61ADDD5E-B8EF-46E4-AE9C-B5ECE632AF9E}.Release|x86.ActiveCfg = Release|Any CPU
		{61ADDD5E-B8EF-46E4-AE9C-B5ECE632AF9E}.Release|x86.Build.0 = Release|Any CPU
		{B2582791-D674-48DA-A766-B9BFD74D8B4C}.Debug|Any CPU.ActiveCfg = Debug|Any CPU
		{B2582791-D674-48DA-A766-B9BFD74D8B4C}.Debug|Any CPU.Build.0 = Debug|Any CPU
		{B2582791-D674-48DA-A766-B9BFD74D8B4C}.Debug|x64.ActiveCfg = Debug|Any CPU
		{B2582791-D674-48DA-A766-B9BFD74D8B4C}.Debug|x64.Build.0 = Debug|Any CPU
		{B2582791-D674-48DA-A766-B9BFD74D8B4C}.Debug|x86.ActiveCfg = Debug|Any CPU
		{B2582791-D674-48DA-A766-B9BFD74D8B4C}.Debug|x86.Build.0 = Debug|Any CPU
		{B2582791-D674-48DA-A766-B9BFD74D8B4C}.Release|Any CPU.ActiveCfg = Release|Any CPU
		{B2582791-D674-48DA-A766-B9BFD74D8B4C}.Release|Any CPU.Build.0 = Release|Any CPU
		{B2582791-D674-48DA-A766-B9BFD74D8B4C}.Release|x64.ActiveCfg = Release|Any CPU
		{B2582791-D674-48DA-A766-B9BFD74D8B4C}.Release|x64.Build.0 = Release|Any CPU
		{B2582791-D674-48DA-A766-B9BFD74D8B4C}.Release|x86.ActiveCfg = Release|Any CPU
		{B2582791-D674-48DA-A766-B9BFD74D8B4C}.Release|x86.Build.0 = Release|Any CPU
	EndGlobalSection
EndGlobal
